
Microsoft Visual Studio Solution File, Format Version 12.00
# Visual Studio Version 17
VisualStudioVersion = 17.3.32811.315
MinimumVisualStudioVersion = 10.0.40219.1
Project("{FAE04EC0-301F-11D3-BF4B-00C04F79EFBC}") = "day4", "day4.csproj", "{A235D855-E03D-4A38-9E08-18E33B9E4EB1}"
EndProject
Global
	GlobalSection(SolutionConfigurationPlatforms) = preSolution
		Debug|Any CPU = Debug|Any CPU
		Release|Any CPU = Release|Any CPU
	EndGlobalSection
	GlobalSection(ProjectConfigurationPlatforms) = postSolution
		{A235D855-E03D-4A38-9E08-18E33B9E4EB1}.Debug|Any CPU.ActiveCfg = Debug|Any CPU
		{A235D855-E03D-4A38-9E08-18E33B9E4EB1}.Debug|Any CPU.Build.0 = Debug|Any CPU
		{A235D855-E03D-4A38-9E08-18E33B9E4EB1}.Release|Any CPU.ActiveCfg = Release|Any CPU
		{A235D855-E03D-4A38-9E08-18E33B9E4EB1}.Release|Any CPU.Build.0 = Release|Any CPU
	EndGlobalSection
	GlobalSection(SolutionProperties) = preSolution
		HideSolutionNode = FALSE
	EndGlobalSection
	GlobalSection(ExtensibilityGlobals) = postSolution
		SolutionGuid = {6CE2D633-9A00-42E0-B8E8-C28FB9EC1164}
	EndGlobalSection
EndGlobal
