
Microsoft Visual Studio Solution File, Format Version 12.00
# Visual Studio Version 17
VisualStudioVersion = 17.3.32811.315
MinimumVisualStudioVersion = 10.0.40219.1
Project("{FAE04EC0-301F-11D3-BF4B-00C04F79EFBC}") = "day17", "day17.csproj", "{E709FCB4-7C08-43D6-B68E-24B67003BC39}"
EndProject
Global
	GlobalSection(SolutionConfigurationPlatforms) = preSolution
		Debug|Any CPU = Debug|Any CPU
		Release|Any CPU = Release|Any CPU
	EndGlobalSection
	GlobalSection(ProjectConfigurationPlatforms) = postSolution
		{E709FCB4-7C08-43D6-B68E-24B67003BC39}.Debug|Any CPU.ActiveCfg = Debug|Any CPU
		{E709FCB4-7C08-43D6-B68E-24B67003BC39}.Debug|Any CPU.Build.0 = Debug|Any CPU
		{E709FCB4-7C08-43D6-B68E-24B67003BC39}.Release|Any CPU.ActiveCfg = Release|Any CPU
		{E709FCB4-7C08-43D6-B68E-24B67003BC39}.Release|Any CPU.Build.0 = Release|Any CPU
	EndGlobalSection
	GlobalSection(SolutionProperties) = preSolution
		HideSolutionNode = FALSE
	EndGlobalSection
	GlobalSection(ExtensibilityGlobals) = postSolution
		SolutionGuid = {31424639-2EA1-455E-B512-2ABD5D6F6168}
	EndGlobalSection
EndGlobal
