
Microsoft Visual Studio Solution File, Format Version 12.00
# Visual Studio Version 17
VisualStudioVersion = 17.3.32811.315
MinimumVisualStudioVersion = 10.0.40219.1
Project("{FAE04EC0-301F-11D3-BF4B-00C04F79EFBC}") = "day5", "day5.csproj", "{996A4C8F-5C51-4EE6-8C66-1A899384729A}"
EndProject
Global
	GlobalSection(SolutionConfigurationPlatforms) = preSolution
		Debug|Any CPU = Debug|Any CPU
		Release|Any CPU = Release|Any CPU
	EndGlobalSection
	GlobalSection(ProjectConfigurationPlatforms) = postSolution
		{996A4C8F-5C51-4EE6-8C66-1A899384729A}.Debug|Any CPU.ActiveCfg = Debug|Any CPU
		{996A4C8F-5C51-4EE6-8C66-1A899384729A}.Debug|Any CPU.Build.0 = Debug|Any CPU
		{996A4C8F-5C51-4EE6-8C66-1A899384729A}.Release|Any CPU.ActiveCfg = Release|Any CPU
		{996A4C8F-5C51-4EE6-8C66-1A899384729A}.Release|Any CPU.Build.0 = Release|Any CPU
	EndGlobalSection
	GlobalSection(SolutionProperties) = preSolution
		HideSolutionNode = FALSE
	EndGlobalSection
	GlobalSection(ExtensibilityGlobals) = postSolution
		SolutionGuid = {03CAE048-9B41-4C91-968A-61EE1D9FFDA1}
	EndGlobalSection
EndGlobal
