
Microsoft Visual Studio Solution File, Format Version 12.00
# Visual Studio Version 17
VisualStudioVersion = 17.3.32811.315
MinimumVisualStudioVersion = 10.0.40219.1
Project("{FAE04EC0-301F-11D3-BF4B-00C04F79EFBC}") = "day2", "day2\day2.csproj", "{B55F42F9-AC90-42A7-AF13-4F9535DD8AD8}"
EndProject
Global
	GlobalSection(SolutionConfigurationPlatforms) = preSolution
		Debug|Any CPU = Debug|Any CPU
		Release|Any CPU = Release|Any CPU
	EndGlobalSection
	GlobalSection(ProjectConfigurationPlatforms) = postSolution
		{B55F42F9-AC90-42A7-AF13-4F9535DD8AD8}.Debug|Any CPU.ActiveCfg = Debug|Any CPU
		{B55F42F9-AC90-42A7-AF13-4F9535DD8AD8}.Debug|Any CPU.Build.0 = Debug|Any CPU
		{B55F42F9-AC90-42A7-AF13-4F9535DD8AD8}.Release|Any CPU.ActiveCfg = Release|Any CPU
		{B55F42F9-AC90-42A7-AF13-4F9535DD8AD8}.Release|Any CPU.Build.0 = Release|Any CPU
	EndGlobalSection
	GlobalSection(SolutionProperties) = preSolution
		HideSolutionNode = FALSE
	EndGlobalSection
	GlobalSection(ExtensibilityGlobals) = postSolution
		SolutionGuid = {1BC4BD1A-0FD7-4073-8A0D-36B251670501}
	EndGlobalSection
EndGlobal
